
Microsoft Visual Studio Solution File, Format Version 12.00
Project("{FAE04EC0-301F-11D3-BF4B-00C04F79EFBC}") = "P090Operators", "P090Operators\P090Operators.csproj", "{DB08F1AA-94EA-40FF-84CE-BA43DC69D662}"
EndProject
Global
	GlobalSection(SolutionConfigurationPlatforms) = preSolution
		Debug|Any CPU = Debug|Any CPU
		Release|Any CPU = Release|Any CPU
	EndGlobalSection
	GlobalSection(ProjectConfigurationPlatforms) = postSolution
		{DB08F1AA-94EA-40FF-84CE-BA43DC69D662}.Debug|Any CPU.ActiveCfg = Debug|Any CPU
		{DB08F1AA-94EA-40FF-84CE-BA43DC69D662}.Debug|Any CPU.Build.0 = Debug|Any CPU
		{DB08F1AA-94EA-40FF-84CE-BA43DC69D662}.Release|Any CPU.ActiveCfg = Release|Any CPU
		{DB08F1AA-94EA-40FF-84CE-BA43DC69D662}.Release|Any CPU.Build.0 = Release|Any CPU
	EndGlobalSection
EndGlobal
